// !$*UTF8*$!
{
	archiveVersion = 1;
	classes = {
	};
	objectVersion = 50;
	objects = {

/* Begin PBXBuildFile section */
		41CB93E121789ABD00BF3780 /* Images.xcassets in Resources */ = {isa = PBXBuildFile; fileRef = 41CB93E021789ABD00BF3780 /* Images.xcassets */; };
/* End PBXBuildFile section */

/* Begin PBXContainerItemProxy section */
		410EB811217095DC00180D7F /* PBXContainerItemProxy */ = {
			isa = PBXContainerItemProxy;
			containerPortal = 410EB7F4217095DB00180D7F /* Project object */;
			proxyType = 1;
			remoteGlobalIDString = 410EB7FB217095DB00180D7F;
			remoteInfo = PlaygroundCollection;
		};
		410EB81C217095DC00180D7F /* PBXContainerItemProxy */ = {
			isa = PBXContainerItemProxy;
			containerPortal = 410EB7F4217095DB00180D7F /* Project object */;
			proxyType = 1;
			remoteGlobalIDString = 410EB7FB217095DB00180D7F;
			remoteInfo = PlaygroundCollection;
		};
/* End PBXContainerItemProxy section */

/* Begin PBXFileReference section */
		410EB80B217095DC00180D7F /* Info.plist */ = {isa = PBXFileReference; lastKnownFileType = text.plist.xml; path = Info.plist; sourceTree = "<group>"; };
		410EB810217095DC00180D7F /* PlaygroundCollectionTests.xctest */ = {isa = PBXFileReference; explicitFileType = wrapper.cfbundle; includeInIndex = 0; name = PlaygroundCollectionTests.xctest; path = "/Users/mert/Developer/PlaygroundCollection/build/Debug-iphoneos/PlaygroundCollectionTests.xctest"; sourceTree = "<absolute>"; };
		410EB81B217095DC00180D7F /* PlaygroundCollectionUITests.xctest */ = {isa = PBXFileReference; explicitFileType = wrapper.cfbundle; includeInIndex = 0; name = PlaygroundCollectionUITests.xctest; path = "/Users/mert/Developer/PlaygroundCollection/build/Debug-iphoneos/PlaygroundCollectionUITests.xctest"; sourceTree = "<absolute>"; };
		41CB93C52178938000BF3780 /* The Basics.playground */ = {isa = PBXFileReference; lastKnownFileType = file.playground; path = "The Basics.playground"; sourceTree = "<group>"; xcLanguageSpecificationIdentifier = xcode.lang.swift; };
		41CB93C62178966000BF3780 /* Basic Operators.playground */ = {isa = PBXFileReference; lastKnownFileType = file.playground; path = "Basic Operators.playground"; sourceTree = "<group>"; xcLanguageSpecificationIdentifier = xcode.lang.swift; };
		41CB93C72178968600BF3780 /* Strings and Characters.playground */ = {isa = PBXFileReference; lastKnownFileType = file.playground; path = "Strings and Characters.playground"; sourceTree = "<group>"; xcLanguageSpecificationIdentifier = xcode.lang.swift; };
		41CB93C82178969800BF3780 /* Collection Types.playground */ = {isa = PBXFileReference; lastKnownFileType = file.playground; path = "Collection Types.playground"; sourceTree = "<group>"; xcLanguageSpecificationIdentifier = xcode.lang.swift; };
		41CB93C9217896A500BF3780 /* Control Flow.playground */ = {isa = PBXFileReference; lastKnownFileType = file.playground; path = "Control Flow.playground"; sourceTree = "<group>"; xcLanguageSpecificationIdentifier = xcode.lang.swift; };
		41CB93CA217896AF00BF3780 /* Functions.playground */ = {isa = PBXFileReference; lastKnownFileType = file.playground; path = Functions.playground; sourceTree = "<group>"; xcLanguageSpecificationIdentifier = xcode.lang.swift; };
		41CB93CB217896BA00BF3780 /* Closures.playground */ = {isa = PBXFileReference; lastKnownFileType = file.playground; path = Closures.playground; sourceTree = "<group>"; xcLanguageSpecificationIdentifier = xcode.lang.swift; };
		41CB93CC217896CA00BF3780 /* Enumerations.playground */ = {isa = PBXFileReference; lastKnownFileType = file.playground; path = Enumerations.playground; sourceTree = "<group>"; xcLanguageSpecificationIdentifier = xcode.lang.swift; };
		41CB93CD217896D800BF3780 /* Structures and Classes.playground */ = {isa = PBXFileReference; lastKnownFileType = file.playground; path = "Structures and Classes.playground"; sourceTree = "<group>"; xcLanguageSpecificationIdentifier = xcode.lang.swift; };
		41CB93CE217896E300BF3780 /* Properties.playground */ = {isa = PBXFileReference; lastKnownFileType = file.playground; path = Properties.playground; sourceTree = "<group>"; xcLanguageSpecificationIdentifier = xcode.lang.swift; };
		41CB93CF217896EC00BF3780 /* Methods.playground */ = {isa = PBXFileReference; lastKnownFileType = file.playground; path = Methods.playground; sourceTree = "<group>"; xcLanguageSpecificationIdentifier = xcode.lang.swift; };
		41CB93D02178970A00BF3780 /* Subscripts.playground */ = {isa = PBXFileReference; lastKnownFileType = file.playground; path = Subscripts.playground; sourceTree = "<group>"; xcLanguageSpecificationIdentifier = xcode.lang.swift; };
		41CB93D12178971200BF3780 /* Inheritance.playground */ = {isa = PBXFileReference; lastKnownFileType = file.playground; path = Inheritance.playground; sourceTree = "<group>"; xcLanguageSpecificationIdentifier = xcode.lang.swift; };
		41CB93D22178971D00BF3780 /* Deinitialization.playground */ = {isa = PBXFileReference; lastKnownFileType = file.playground; path = Deinitialization.playground; sourceTree = "<group>"; xcLanguageSpecificationIdentifier = xcode.lang.swift; };
		41CB93D32178973500BF3780 /* Initizalization.playground */ = {isa = PBXFileReference; lastKnownFileType = file.playground; path = Initizalization.playground; sourceTree = "<group>"; xcLanguageSpecificationIdentifier = xcode.lang.swift; };
		41CB93D42178976800BF3780 /* Optional Chaining.playground */ = {isa = PBXFileReference; lastKnownFileType = file.playground; path = "Optional Chaining.playground"; sourceTree = "<group>"; xcLanguageSpecificationIdentifier = xcode.lang.swift; };
		41CB93D52178977200BF3780 /* Error Handling.playground */ = {isa = PBXFileReference; lastKnownFileType = file.playground; path = "Error Handling.playground"; sourceTree = "<group>"; xcLanguageSpecificationIdentifier = xcode.lang.swift; };
		41CB93D62178977F00BF3780 /* Type Casting.playground */ = {isa = PBXFileReference; lastKnownFileType = file.playground; path = "Type Casting.playground"; sourceTree = "<group>"; xcLanguageSpecificationIdentifier = xcode.lang.swift; };
		41CB93D72178978800BF3780 /* Nested Types.playground */ = {isa = PBXFileReference; lastKnownFileType = file.playground; path = "Nested Types.playground"; sourceTree = "<group>"; xcLanguageSpecificationIdentifier = xcode.lang.swift; };
		41CB93D82178978F00BF3780 /* Extensions.playground */ = {isa = PBXFileReference; lastKnownFileType = file.playground; path = Extensions.playground; sourceTree = "<group>"; xcLanguageSpecificationIdentifier = xcode.lang.swift; };
		41CB93D92178979800BF3780 /* Protocols.playground */ = {isa = PBXFileReference; lastKnownFileType = file.playground; path = Protocols.playground; sourceTree = "<group>"; xcLanguageSpecificationIdentifier = xcode.lang.swift; };
		41CB93DA217897A000BF3780 /* Generics.playground */ = {isa = PBXFileReference; lastKnownFileType = file.playground; path = Generics.playground; sourceTree = "<group>"; xcLanguageSpecificationIdentifier = xcode.lang.swift; };
		41CB93DB217897A900BF3780 /* Automatic Reference Counting.playground */ = {isa = PBXFileReference; lastKnownFileType = file.playground; path = "Automatic Reference Counting.playground"; sourceTree = "<group>"; xcLanguageSpecificationIdentifier = xcode.lang.swift; };
		41CB93DC217897B900BF3780 /* Memory Safety.playground */ = {isa = PBXFileReference; lastKnownFileType = file.playground; path = "Memory Safety.playground"; sourceTree = "<group>"; xcLanguageSpecificationIdentifier = xcode.lang.swift; };
		41CB93DD217897C500BF3780 /* Access Control.playground */ = {isa = PBXFileReference; lastKnownFileType = file.playground; path = "Access Control.playground"; sourceTree = "<group>"; xcLanguageSpecificationIdentifier = xcode.lang.swift; };
		41CB93DE217897CE00BF3780 /* Advanced Operators.playground */ = {isa = PBXFileReference; lastKnownFileType = file.playground; path = "Advanced Operators.playground"; sourceTree = "<group>"; xcLanguageSpecificationIdentifier = xcode.lang.swift; };
		41CB93DF21789AB800BF3780 /* PlaygroundCollection.app */ = {isa = PBXFileReference; explicitFileType = wrapper.application; includeInIndex = 0; path = PlaygroundCollection.app; sourceTree = BUILT_PRODUCTS_DIR; };
		41CB93E021789ABD00BF3780 /* Images.xcassets */ = {isa = PBXFileReference; lastKnownFileType = folder.assetcatalog; path = Images.xcassets; sourceTree = "<group>"; };
/* End PBXFileReference section */

/* Begin PBXFrameworksBuildPhase section */
		410EB7F9217095DB00180D7F /* Frameworks */ = {
			isa = PBXFrameworksBuildPhase;
			buildActionMask = 2147483647;
			files = (
			);
			runOnlyForDeploymentPostprocessing = 0;
		};
		410EB80D217095DC00180D7F /* Frameworks */ = {
			isa = PBXFrameworksBuildPhase;
			buildActionMask = 2147483647;
			files = (
			);
			runOnlyForDeploymentPostprocessing = 0;
		};
		410EB818217095DC00180D7F /* Frameworks */ = {
			isa = PBXFrameworksBuildPhase;
			buildActionMask = 2147483647;
			files = (
			);
			runOnlyForDeploymentPostprocessing = 0;
		};
/* End PBXFrameworksBuildPhase section */

/* Begin PBXGroup section */
		410EB7F3217095DB00180D7F = {
			isa = PBXGroup;
			children = (
				410EB7FE217095DB00180D7F /* PlaygroundCollection */,
				41CB93DF21789AB800BF3780 /* PlaygroundCollection.app */,
			);
			sourceTree = "<group>";
		};
		410EB7FE217095DB00180D7F /* PlaygroundCollection */ = {
			isa = PBXGroup;
			children = (
				410EB80B217095DC00180D7F /* Info.plist */,
				41CB93C52178938000BF3780 /* The Basics.playground */,
				41CB93C62178966000BF3780 /* Basic Operators.playground */,
				41CB93C72178968600BF3780 /* Strings and Characters.playground */,
				41CB93C82178969800BF3780 /* Collection Types.playground */,
				41CB93C9217896A500BF3780 /* Control Flow.playground */,
				41CB93CA217896AF00BF3780 /* Functions.playground */,
				41CB93CB217896BA00BF3780 /* Closures.playground */,
				41CB93CC217896CA00BF3780 /* Enumerations.playground */,
				41CB93CD217896D800BF3780 /* Structures and Classes.playground */,
				41CB93CE217896E300BF3780 /* Properties.playground */,
				41CB93CF217896EC00BF3780 /* Methods.playground */,
				41CB93D02178970A00BF3780 /* Subscripts.playground */,
				41CB93D12178971200BF3780 /* Inheritance.playground */,
				41CB93D22178971D00BF3780 /* Deinitialization.playground */,
				41CB93D32178973500BF3780 /* Initizalization.playground */,
				41CB93D42178976800BF3780 /* Optional Chaining.playground */,
				41CB93D52178977200BF3780 /* Error Handling.playground */,
				41CB93D62178977F00BF3780 /* Type Casting.playground */,
				41CB93D72178978800BF3780 /* Nested Types.playground */,
				41CB93D82178978F00BF3780 /* Extensions.playground */,
				41CB93D92178979800BF3780 /* Protocols.playground */,
				41CB93DA217897A000BF3780 /* Generics.playground */,
				41CB93DB217897A900BF3780 /* Automatic Reference Counting.playground */,
				41CB93DC217897B900BF3780 /* Memory Safety.playground */,
				41CB93DD217897C500BF3780 /* Access Control.playground */,
				41CB93DE217897CE00BF3780 /* Advanced Operators.playground */,
				41CB93E021789ABD00BF3780 /* Images.xcassets */,
			);
			path = PlaygroundCollection;
			sourceTree = "<group>";
		};
/* End PBXGroup section */

/* Begin PBXNativeTarget section */
		410EB7FB217095DB00180D7F /* PlaygroundCollection */ = {
			isa = PBXNativeTarget;
			buildConfigurationList = 410EB824217095DC00180D7F /* Build configuration list for PBXNativeTarget "PlaygroundCollection" */;
			buildPhases = (
				410EB7F8217095DB00180D7F /* Sources */,
				410EB7F9217095DB00180D7F /* Frameworks */,
				410EB7FA217095DB00180D7F /* Resources */,
			);
			buildRules = (
			);
			dependencies = (
			);
			name = PlaygroundCollection;
			productName = PlaygroundCollection;
			productReference = 41CB93DF21789AB800BF3780 /* PlaygroundCollection.app */;
			productType = "com.apple.product-type.application";
		};
		410EB80F217095DC00180D7F /* PlaygroundCollectionTests */ = {
			isa = PBXNativeTarget;
			buildConfigurationList = 410EB827217095DC00180D7F /* Build configuration list for PBXNativeTarget "PlaygroundCollectionTests" */;
			buildPhases = (
				410EB80C217095DC00180D7F /* Sources */,
				410EB80D217095DC00180D7F /* Frameworks */,
				410EB80E217095DC00180D7F /* Resources */,
			);
			buildRules = (
			);
			dependencies = (
				410EB812217095DC00180D7F /* PBXTargetDependency */,
			);
			name = PlaygroundCollectionTests;
			productName = PlaygroundCollectionTests;
			productReference = 410EB810217095DC00180D7F /* PlaygroundCollectionTests.xctest */;
			productType = "com.apple.product-type.bundle.unit-test";
		};
		410EB81A217095DC00180D7F /* PlaygroundCollectionUITests */ = {
			isa = PBXNativeTarget;
			buildConfigurationList = 410EB82A217095DC00180D7F /* Build configuration list for PBXNativeTarget "PlaygroundCollectionUITests" */;
			buildPhases = (
				410EB817217095DC00180D7F /* Sources */,
				410EB818217095DC00180D7F /* Frameworks */,
				410EB819217095DC00180D7F /* Resources */,
			);
			buildRules = (
			);
			dependencies = (
				410EB81D217095DC00180D7F /* PBXTargetDependency */,
			);
			name = PlaygroundCollectionUITests;
			productName = PlaygroundCollectionUITests;
			productReference = 410EB81B217095DC00180D7F /* PlaygroundCollectionUITests.xctest */;
			productType = "com.apple.product-type.bundle.ui-testing";
		};
/* End PBXNativeTarget section */

/* Begin PBXProject section */
		410EB7F4217095DB00180D7F /* Project object */ = {
			isa = PBXProject;
			attributes = {
				LastSwiftUpdateCheck = 1000;
				LastUpgradeCheck = 1000;
				ORGANIZATIONNAME = "Mert Nesvat";
				TargetAttributes = {
					410EB7FB217095DB00180D7F = {
						CreatedOnToolsVersion = 10.0;
					};
					410EB80F217095DC00180D7F = {
						CreatedOnToolsVersion = 10.0;
						TestTargetID = 410EB7FB217095DB00180D7F;
					};
					410EB81A217095DC00180D7F = {
						CreatedOnToolsVersion = 10.0;
						TestTargetID = 410EB7FB217095DB00180D7F;
					};
				};
			};
			buildConfigurationList = 410EB7F7217095DB00180D7F /* Build configuration list for PBXProject "PlaygroundCollection" */;
			compatibilityVersion = "Xcode 9.3";
			developmentRegion = en;
			hasScannedForEncodings = 0;
			knownRegions = (
				en,
				Base,
			);
			mainGroup = 410EB7F3217095DB00180D7F;
			productRefGroup = 410EB7F3217095DB00180D7F;
			projectDirPath = "";
			projectRoot = "";
			targets = (
				410EB7FB217095DB00180D7F /* PlaygroundCollection */,
				410EB80F217095DC00180D7F /* PlaygroundCollectionTests */,
				410EB81A217095DC00180D7F /* PlaygroundCollectionUITests */,
			);
		};
/* End PBXProject section */

/* Begin PBXResourcesBuildPhase section */
		410EB7FA217095DB00180D7F /* Resources */ = {
			isa = PBXResourcesBuildPhase;
			buildActionMask = 2147483647;
			files = (
				41CB93E121789ABD00BF3780 /* Images.xcassets in Resources */,
			);
			runOnlyForDeploymentPostprocessing = 0;
		};
		410EB80E217095DC00180D7F /* Resources */ = {
			isa = PBXResourcesBuildPhase;
			buildActionMask = 2147483647;
			files = (
			);
			runOnlyForDeploymentPostprocessing = 0;
		};
		410EB819217095DC00180D7F /* Resources */ = {
			isa = PBXResourcesBuildPhase;
			buildActionMask = 2147483647;
			files = (
			);
			runOnlyForDeploymentPostprocessing = 0;
		};
/* End PBXResourcesBuildPhase section */

/* Begin PBXSourcesBuildPhase section */
		410EB7F8217095DB00180D7F /* Sources */ = {
			isa = PBXSourcesBuildPhase;
			buildActionMask = 2147483647;
			files = (
			);
			runOnlyForDeploymentPostprocessing = 0;
		};
		410EB80C217095DC00180D7F /* Sources */ = {
			isa = PBXSourcesBuildPhase;
			buildActionMask = 2147483647;
			files = (
			);
			runOnlyForDeploymentPostprocessing = 0;
		};
		410EB817217095DC00180D7F /* Sources */ = {
			isa = PBXSourcesBuildPhase;
			buildActionMask = 2147483647;
			files = (
			);
			runOnlyForDeploymentPostprocessing = 0;
		};
/* End PBXSourcesBuildPhase section */

/* Begin PBXTargetDependency section */
		410EB812217095DC00180D7F /* PBXTargetDependency */ = {
			isa = PBXTargetDependency;
			target = 410EB7FB217095DB00180D7F /* PlaygroundCollection */;
			targetProxy = 410EB811217095DC00180D7F /* PBXContainerItemProxy */;
		};
		410EB81D217095DC00180D7F /* PBXTargetDependency */ = {
			isa = PBXTargetDependency;
			target = 410EB7FB217095DB00180D7F /* PlaygroundCollection */;
			targetProxy = 410EB81C217095DC00180D7F /* PBXContainerItemProxy */;
		};
/* End PBXTargetDependency section */

/* Begin XCBuildConfiguration section */
		410EB822217095DC00180D7F /* Debug */ = {
			isa = XCBuildConfiguration;
			buildSettings = {
				ALWAYS_SEARCH_USER_PATHS = NO;
				CLANG_ANALYZER_NONNULL = YES;
				CLANG_ANALYZER_NUMBER_OBJECT_CONVERSION = YES_AGGRESSIVE;
				CLANG_CXX_LANGUAGE_STANDARD = "gnu++14";
				CLANG_CXX_LIBRARY = "libc++";
				CLANG_ENABLE_MODULES = YES;
				CLANG_ENABLE_OBJC_ARC = YES;
				CLANG_ENABLE_OBJC_WEAK = YES;
				CLANG_WARN_BLOCK_CAPTURE_AUTORELEASING = YES;
				CLANG_WARN_BOOL_CONVERSION = YES;
				CLANG_WARN_COMMA = YES;
				CLANG_WARN_CONSTANT_CONVERSION = YES;
				CLANG_WARN_DEPRECATED_OBJC_IMPLEMENTATIONS = YES;
				CLANG_WARN_DIRECT_OBJC_ISA_USAGE = YES_ERROR;
				CLANG_WARN_DOCUMENTATION_COMMENTS = YES;
				CLANG_WARN_EMPTY_BODY = YES;
				CLANG_WARN_ENUM_CONVERSION = YES;
				CLANG_WARN_INFINITE_RECURSION = YES;
				CLANG_WARN_INT_CONVERSION = YES;
				CLANG_WARN_NON_LITERAL_NULL_CONVERSION = YES;
				CLANG_WARN_OBJC_IMPLICIT_RETAIN_SELF = YES;
				CLANG_WARN_OBJC_LITERAL_CONVERSION = YES;
				CLANG_WARN_OBJC_ROOT_CLASS = YES_ERROR;
				CLANG_WARN_RANGE_LOOP_ANALYSIS = YES;
				CLANG_WARN_STRICT_PROTOTYPES = YES;
				CLANG_WARN_SUSPICIOUS_MOVE = YES;
				CLANG_WARN_UNGUARDED_AVAILABILITY = YES_AGGRESSIVE;
				CLANG_WARN_UNREACHABLE_CODE = YES;
				CLANG_WARN__DUPLICATE_METHOD_MATCH = YES;
				CODE_SIGN_IDENTITY = "iPhone Developer";
				COPY_PHASE_STRIP = NO;
				DEBUG_INFORMATION_FORMAT = dwarf;
				ENABLE_STRICT_OBJC_MSGSEND = YES;
				ENABLE_TESTABILITY = YES;
				GCC_C_LANGUAGE_STANDARD = gnu11;
				GCC_DYNAMIC_NO_PIC = NO;
				GCC_NO_COMMON_BLOCKS = YES;
				GCC_OPTIMIZATION_LEVEL = 0;
				GCC_PREPROCESSOR_DEFINITIONS = (
					"DEBUG=1",
					"$(inherited)",
				);
				GCC_WARN_64_TO_32_BIT_CONVERSION = YES;
				GCC_WARN_ABOUT_RETURN_TYPE = YES_ERROR;
				GCC_WARN_UNDECLARED_SELECTOR = YES;
				GCC_WARN_UNINITIALIZED_AUTOS = YES_AGGRESSIVE;
				GCC_WARN_UNUSED_FUNCTION = YES;
				GCC_WARN_UNUSED_VARIABLE = YES;
				IPHONEOS_DEPLOYMENT_TARGET = 12.0;
				MTL_ENABLE_DEBUG_INFO = INCLUDE_SOURCE;
				MTL_FAST_MATH = YES;
				ONLY_ACTIVE_ARCH = YES;
				SDKROOT = iphoneos;
				SWIFT_ACTIVE_COMPILATION_CONDITIONS = DEBUG;
				SWIFT_OPTIMIZATION_LEVEL = "-Onone";
			};
			name = Debug;
		};
		410EB823217095DC00180D7F /* Release */ = {
			isa = XCBuildConfiguration;
			buildSettings = {
				ALWAYS_SEARCH_USER_PATHS = NO;
				CLANG_ANALYZER_NONNULL = YES;
				CLANG_ANALYZER_NUMBER_OBJECT_CONVERSION = YES_AGGRESSIVE;
				CLANG_CXX_LANGUAGE_STANDARD = "gnu++14";
				CLANG_CXX_LIBRARY = "libc++";
				CLANG_ENABLE_MODULES = YES;
				CLANG_ENABLE_OBJC_ARC = YES;
				CLANG_ENABLE_OBJC_WEAK = YES;
				CLANG_WARN_BLOCK_CAPTURE_AUTORELEASING = YES;
				CLANG_WARN_BOOL_CONVERSION = YES;
				CLANG_WARN_COMMA = YES;
				CLANG_WARN_CONSTANT_CONVERSION = YES;
				CLANG_WARN_DEPRECATED_OBJC_IMPLEMENTATIONS = YES;
				CLANG_WARN_DIRECT_OBJC_ISA_USAGE = YES_ERROR;
				CLANG_WARN_DOCUMENTATION_COMMENTS = YES;
				CLANG_WARN_EMPTY_BODY = YES;
				CLANG_WARN_ENUM_CONVERSION = YES;
				CLANG_WARN_INFINITE_RECURSION = YES;
				CLANG_WARN_INT_CONVERSION = YES;
				CLANG_WARN_NON_LITERAL_NULL_CONVERSION = YES;
				CLANG_WARN_OBJC_IMPLICIT_RETAIN_SELF = YES;
				CLANG_WARN_OBJC_LITERAL_CONVERSION = YES;
				CLANG_WARN_OBJC_ROOT_CLASS = YES_ERROR;
				CLANG_WARN_RANGE_LOOP_ANALYSIS = YES;
				CLANG_WARN_STRICT_PROTOTYPES = YES;
				CLANG_WARN_SUSPICIOUS_MOVE = YES;
				CLANG_WARN_UNGUARDED_AVAILABILITY = YES_AGGRESSIVE;
				CLANG_WARN_UNREACHABLE_CODE = YES;
				CLANG_WARN__DUPLICATE_METHOD_MATCH = YES;
				CODE_SIGN_IDENTITY = "iPhone Developer";
				COPY_PHASE_STRIP = NO;
				DEBUG_INFORMATION_FORMAT = "dwarf-with-dsym";
				ENABLE_NS_ASSERTIONS = NO;
				ENABLE_STRICT_OBJC_MSGSEND = YES;
				GCC_C_LANGUAGE_STANDARD = gnu11;
				GCC_NO_COMMON_BLOCKS = YES;
				GCC_WARN_64_TO_32_BIT_CONVERSION = YES;
				GCC_WARN_ABOUT_RETURN_TYPE = YES_ERROR;
				GCC_WARN_UNDECLARED_SELECTOR = YES;
				GCC_WARN_UNINITIALIZED_AUTOS = YES_AGGRESSIVE;
				GCC_WARN_UNUSED_FUNCTION = YES;
				GCC_WARN_UNUSED_VARIABLE = YES;
				IPHONEOS_DEPLOYMENT_TARGET = 12.0;
				MTL_ENABLE_DEBUG_INFO = NO;
				MTL_FAST_MATH = YES;
				SDKROOT = iphoneos;
				SWIFT_COMPILATION_MODE = wholemodule;
				SWIFT_OPTIMIZATION_LEVEL = "-O";
				VALIDATE_PRODUCT = YES;
			};
			name = Release;
		};
		410EB825217095DC00180D7F /* Debug */ = {
			isa = XCBuildConfiguration;
			buildSettings = {
				ASSETCATALOG_COMPILER_APPICON_NAME = AppIcon;
				ASSETCATALOG_COMPILER_LAUNCHIMAGE_NAME = LaunchImage;
				CODE_SIGN_STYLE = Automatic;
				DEVELOPMENT_TEAM = 3YA74M59BZ;
				INFOPLIST_FILE = PlaygroundCollection/Info.plist;
				LD_RUNPATH_SEARCH_PATHS = (
					"$(inherited)",
					"@executable_path/Frameworks",
				);
				PRODUCT_BUNDLE_IDENTIFIER = com.mertnesvat.PlaygroundCollection;
				PRODUCT_NAME = "$(TARGET_NAME)";
				SWIFT_VERSION = 4.2;
				TARGETED_DEVICE_FAMILY = "1,2";
			};
			name = Debug;
		};
		410EB826217095DC00180D7F /* Release */ = {
			isa = XCBuildConfiguration;
			buildSettings = {
				ASSETCATALOG_COMPILER_APPICON_NAME = AppIcon;
				ASSETCATALOG_COMPILER_LAUNCHIMAGE_NAME = LaunchImage;
				CODE_SIGN_STYLE = Automatic;
				DEVELOPMENT_TEAM = 3YA74M59BZ;
				INFOPLIST_FILE = PlaygroundCollection/Info.plist;
				LD_RUNPATH_SEARCH_PATHS = (
					"$(inherited)",
					"@executable_path/Frameworks",
				);
				PRODUCT_BUNDLE_IDENTIFIER = com.mertnesvat.PlaygroundCollection;
				PRODUCT_NAME = "$(TARGET_NAME)";
				SWIFT_VERSION = 4.2;
				TARGETED_DEVICE_FAMILY = "1,2";
			};
			name = Release;
		};
		410EB828217095DC00180D7F /* Debug */ = {
			isa = XCBuildConfiguration;
			buildSettings = {
				BUNDLE_LOADER = "$(TEST_HOST)";
				CODE_SIGN_STYLE = Automatic;
				DEVELOPMENT_TEAM = 3YA74M59BZ;
				INFOPLIST_FILE = PlaygroundCollectionTests/Info.plist;
				LD_RUNPATH_SEARCH_PATHS = (
					"$(inherited)",
					"@executable_path/Frameworks",
					"@loader_path/Frameworks",
				);
				PRODUCT_BUNDLE_IDENTIFIER = com.mertnesvat.PlaygroundCollectionTests;
				PRODUCT_NAME = "$(TARGET_NAME)";
				SWIFT_VERSION = 4.2;
				TARGETED_DEVICE_FAMILY = "1,2";
				TEST_HOST = "$(BUILT_PRODUCTS_DIR)/PlaygroundCollection.app/PlaygroundCollection";
			};
			name = Debug;
		};
		410EB829217095DC00180D7F /* Release */ = {
			isa = XCBuildConfiguration;
			buildSettings = {
				BUNDLE_LOADER = "$(TEST_HOST)";
				CODE_SIGN_STYLE = Automatic;
				DEVELOPMENT_TEAM = 3YA74M59BZ;
				INFOPLIST_FILE = PlaygroundCollectionTests/Info.plist;
				LD_RUNPATH_SEARCH_PATHS = (
					"$(inherited)",
					"@executable_path/Frameworks",
					"@loader_path/Frameworks",
				);
				PRODUCT_BUNDLE_IDENTIFIER = com.mertnesvat.PlaygroundCollectionTests;
				PRODUCT_NAME = "$(TARGET_NAME)";
				SWIFT_VERSION = 4.2;
				TARGETED_DEVICE_FAMILY = "1,2";
				TEST_HOST = "$(BUILT_PRODUCTS_DIR)/PlaygroundCollection.app/PlaygroundCollection";
			};
			name = Release;
		};
		410EB82B217095DC00180D7F /* Debug */ = {
			isa = XCBuildConfiguration;
			buildSettings = {
				CODE_SIGN_STYLE = Automatic;
				DEVELOPMENT_TEAM = 3YA74M59BZ;
				INFOPLIST_FILE = PlaygroundCollectionUITests/Info.plist;
				LD_RUNPATH_SEARCH_PATHS = (
					"$(inherited)",
					"@executable_path/Frameworks",
					"@loader_path/Frameworks",
				);
				PRODUCT_BUNDLE_IDENTIFIER = com.mertnesvat.PlaygroundCollectionUITests;
				PRODUCT_NAME = "$(TARGET_NAME)";
				SWIFT_VERSION = 4.2;
				TARGETED_DEVICE_FAMILY = "1,2";
				TEST_TARGET_NAME = PlaygroundCollection;
			};
			name = Debug;
		};
		410EB82C217095DC00180D7F /* Release */ = {
			isa = XCBuildConfiguration;
			buildSettings = {
				CODE_SIGN_STYLE = Automatic;
				DEVELOPMENT_TEAM = 3YA74M59BZ;
				INFOPLIST_FILE = PlaygroundCollectionUITests/Info.plist;
				LD_RUNPATH_SEARCH_PATHS = (
					"$(inherited)",
					"@executable_path/Frameworks",
					"@loader_path/Frameworks",
				);
				PRODUCT_BUNDLE_IDENTIFIER = com.mertnesvat.PlaygroundCollectionUITests;
				PRODUCT_NAME = "$(TARGET_NAME)";
				SWIFT_VERSION = 4.2;
				TARGETED_DEVICE_FAMILY = "1,2";
				TEST_TARGET_NAME = PlaygroundCollection;
			};
			name = Release;
		};
/* End XCBuildConfiguration section */

/* Begin XCConfigurationList section */
		410EB7F7217095DB00180D7F /* Build configuration list for PBXProject "PlaygroundCollection" */ = {
			isa = XCConfigurationList;
			buildConfigurations = (
				410EB822217095DC00180D7F /* Debug */,
				410EB823217095DC00180D7F /* Release */,
			);
			defaultConfigurationIsVisible = 0;
			defaultConfigurationName = Release;
		};
		410EB824217095DC00180D7F /* Build configuration list for PBXNativeTarget "PlaygroundCollection" */ = {
			isa = XCConfigurationList;
			buildConfigurations = (
				410EB825217095DC00180D7F /* Debug */,
				410EB826217095DC00180D7F /* Release */,
			);
			defaultConfigurationIsVisible = 0;
			defaultConfigurationName = Release;
		};
		410EB827217095DC00180D7F /* Build configuration list for PBXNativeTarget "PlaygroundCollectionTests" */ = {
			isa = XCConfigurationList;
			buildConfigurations = (
				410EB828217095DC00180D7F /* Debug */,
				410EB829217095DC00180D7F /* Release */,
			);
			defaultConfigurationIsVisible = 0;
			defaultConfigurationName = Release;
		};
		410EB82A217095DC00180D7F /* Build configuration list for PBXNativeTarget "PlaygroundCollectionUITests" */ = {
			isa = XCConfigurationList;
			buildConfigurations = (
				410EB82B217095DC00180D7F /* Debug */,
				410EB82C217095DC00180D7F /* Release */,
			);
			defaultConfigurationIsVisible = 0;
			defaultConfigurationName = Release;
		};
/* End XCConfigurationList section */
	};
	rootObject = 410EB7F4217095DB00180D7F /* Project object */;
}
